
Microsoft Visual Studio Solution File, Format Version 12.00
# Visual Studio Version 16
VisualStudioVersion = 16.0.30204.135
MinimumVisualStudioVersion = 15.0.26124.0
Project("{2150E333-8FDC-42A3-9474-1A3956D46DE8}") = "src", "src", "{D256A723-2B6E-4A02-80AA-74B4704383FD}"
EndProject
Project("{9A19103F-16F7-4668-BE54-9A1E7A4F7556}") = "IdentityServer", "src\IdentityServer\IdentityServer.csproj", "{66752AF5-F816-47B2-8917-3945CA3F4123}"
EndProject
Project("{9A19103F-16F7-4668-BE54-9A1E7A4F7556}") = "Api", "src\Api\Api.csproj", "{136ADDAE-B7DE-4621-9B6E-63F6EBF6B4AC}"
EndProject
Project("{9A19103F-16F7-4668-BE54-9A1E7A4F7556}") = "Client", "src\Client\Client.csproj", "{89D7D73C-F8DF-4DD5-8C8D-BA98CFF94B69}"
EndProject
Project("{9A19103F-16F7-4668-BE54-9A1E7A4F7556}") = "MvcClient", "src\MvcClient\MvcClient.csproj", "{35251D8C-D852-478D-8C9F-FEF508C5652B}"
EndProject
Project("{9A19103F-16F7-4668-BE54-9A1E7A4F7556}") = "JavaScriptClient", "src\JavaScriptClient\JavaScriptClient.csproj", "{6B788A23-D227-4BB7-9135-8BF3F2C77E01}"
EndProject
Global
	GlobalSection(SolutionConfigurationPlatforms) = preSolution
		Debug|Any CPU = Debug|Any CPU
		Debug|x64 = Debug|x64
		Debug|x86 = Debug|x86
		Release|Any CPU = Release|Any CPU
		Release|x64 = Release|x64
		Release|x86 = Release|x86
	EndGlobalSection
	GlobalSection(ProjectConfigurationPlatforms) = postSolution
		{66752AF5-F816-47B2-8917-3945CA3F4123}.Debug|Any CPU.ActiveCfg = Debug|Any CPU
		{66752AF5-F816-47B2-8917-3945CA3F4123}.Debug|Any CPU.Build.0 = Debug|Any CPU
		{66752AF5-F816-47B2-8917-3945CA3F4123}.Debug|x64.ActiveCfg = Debug|Any CPU
		{66752AF5-F816-47B2-8917-3945CA3F4123}.Debug|x64.Build.0 = Debug|Any CPU
		{66752AF5-F816-47B2-8917-3945CA3F4123}.Debug|x86.ActiveCfg = Debug|Any CPU
		{66752AF5-F816-47B2-8917-3945CA3F4123}.Debug|x86.Build.0 = Debug|Any CPU
		{66752AF5-F816-47B2-8917-3945CA3F4123}.Release|Any CPU.ActiveCfg = Release|Any CPU
		{66752AF5-F816-47B2-8917-3945CA3F4123}.Release|Any CPU.Build.0 = Release|Any CPU
		{66752AF5-F816-47B2-8917-3945CA3F4123}.Release|x64.ActiveCfg = Release|Any CPU
		{66752AF5-F816-47B2-8917-3945CA3F4123}.Release|x64.Build.0 = Release|Any CPU
		{66752AF5-F816-47B2-8917-3945CA3F4123}.Release|x86.ActiveCfg = Release|Any CPU
		{66752AF5-F816-47B2-8917-3945CA3F4123}.Release|x86.Build.0 = Release|Any CPU
		{136ADDAE-B7DE-4621-9B6E-63F6EBF6B4AC}.Debug|Any CPU.ActiveCfg = Debug|Any CPU
		{136ADDAE-B7DE-4621-9B6E-63F6EBF6B4AC}.Debug|Any CPU.Build.0 = Debug|Any CPU
		{136ADDAE-B7DE-4621-9B6E-63F6EBF6B4AC}.Debug|x64.ActiveCfg = Debug|Any CPU
		{136ADDAE-B7DE-4621-9B6E-63F6EBF6B4AC}.Debug|x64.Build.0 = Debug|Any CPU
		{136ADDAE-B7DE-4621-9B6E-63F6EBF6B4AC}.Debug|x86.ActiveCfg = Debug|Any CPU
		{136ADDAE-B7DE-4621-9B6E-63F6EBF6B4AC}.Debug|x86.Build.0 = Debug|Any CPU
		{136ADDAE-B7DE-4621-9B6E-63F6EBF6B4AC}.Release|Any CPU.ActiveCfg = Release|Any CPU
		{136ADDAE-B7DE-4621-9B6E-63F6EBF6B4AC}.Release|Any CPU.Build.0 = Release|Any CPU
		{136ADDAE-B7DE-4621-9B6E-63F6EBF6B4AC}.Release|x64.ActiveCfg = Release|Any CPU
		{136ADDAE-B7DE-4621-9B6E-63F6EBF6B4AC}.Release|x64.Build.0 = Release|Any CPU
		{136ADDAE-B7DE-4621-9B6E-63F6EBF6B4AC}.Release|x86.ActiveCfg = Release|Any CPU
		{136ADDAE-B7DE-4621-9B6E-63F6EBF6B4AC}.Release|x86.Build.0 = Release|Any CPU
		{89D7D73C-F8DF-4DD5-8C8D-BA98CFF94B69}.Debug|Any CPU.ActiveCfg = Debug|Any CPU
		{89D7D73C-F8DF-4DD5-8C8D-BA98CFF94B69}.Debug|Any CPU.Build.0 = Debug|Any CPU
		{89D7D73C-F8DF-4DD5-8C8D-BA98CFF94B69}.Debug|x64.ActiveCfg = Debug|Any CPU
		{89D7D73C-F8DF-4DD5-8C8D-BA98CFF94B69}.Debug|x64.Build.0 = Debug|Any CPU
		{89D7D73C-F8DF-4DD5-8C8D-BA98CFF94B69}.Debug|x86.ActiveCfg = Debug|Any CPU
		{89D7D73C-F8DF-4DD5-8C8D-BA98CFF94B69}.Debug|x86.Build.0 = Debug|Any CPU
		{89D7D73C-F8DF-4DD5-8C8D-BA98CFF94B69}.Release|Any CPU.ActiveCfg = Release|Any CPU
		{89D7D73C-F8DF-4DD5-8C8D-BA98CFF94B69}.Release|Any CPU.Build.0 = Release|Any CPU
		{89D7D73C-F8DF-4DD5-8C8D-BA98CFF94B69}.Release|x64.ActiveCfg = Release|Any CPU
		{89D7D73C-F8DF-4DD5-8C8D-BA98CFF94B69}.Release|x64.Build.0 = Release|Any CPU
		{89D7D73C-F8DF-4DD5-8C8D-BA98CFF94B69}.Release|x86.ActiveCfg = Release|Any CPU
		{89D7D73C-F8DF-4DD5-8C8D-BA98CFF94B69}.Release|x86.Build.0 = Release|Any CPU
		{35251D8C-D852-478D-8C9F-FEF508C5652B}.Debug|Any CPU.ActiveCfg = Debug|Any CPU
		{35251D8C-D852-478D-8C9F-FEF508C5652B}.Debug|Any CPU.Build.0 = Debug|Any CPU
		{35251D8C-D852-478D-8C9F-FEF508C5652B}.Debug|x64.ActiveCfg = Debug|Any CPU
		{35251D8C-D852-478D-8C9F-FEF508C5652B}.Debug|x64.Build.0 = Debug|Any CPU
		{35251D8C-D852-478D-8C9F-FEF508C5652B}.Debug|x86.ActiveCfg = Debug|Any CPU
		{35251D8C-D852-478D-8C9F-FEF508C5652B}.Debug|x86.Build.0 = Debug|Any CPU
		{35251D8C-D852-478D-8C9F-FEF508C5652B}.Release|Any CPU.ActiveCfg = Release|Any CPU
		{35251D8C-D852-478D-8C9F-FEF508C5652B}.Release|Any CPU.Build.0 = Release|Any CPU
		{35251D8C-D852-478D-8C9F-FEF508C5652B}.Release|x64.ActiveCfg = Release|Any CPU
		{35251D8C-D852-478D-8C9F-FEF508C5652B}.Release|x64.Build.0 = Release|Any CPU
		{35251D8C-D852-478D-8C9F-FEF508C5652B}.Release|x86.ActiveCfg = Release|Any CPU
		{35251D8C-D852-478D-8C9F-FEF508C5652B}.Release|x86.Build.0 = Release|Any CPU
		{6B788A23-D227-4BB7-9135-8BF3F2C77E01}.Debug|Any CPU.ActiveCfg = Debug|Any CPU
		{6B788A23-D227-4BB7-9135-8BF3F2C77E01}.Debug|Any CPU.Build.0 = Debug|Any CPU
		{6B788A23-D227-4BB7-9135-8BF3F2C77E01}.Debug|x64.ActiveCfg = Debug|Any CPU
		{6B788A23-D227-4BB7-9135-8BF3F2C77E01}.Debug|x64.Build.0 = Debug|Any CPU
		{6B788A23-D227-4BB7-9135-8BF3F2C77E01}.Debug|x86.ActiveCfg = Debug|Any CPU
		{6B788A23-D227-4BB7-9135-8BF3F2C77E01}.Debug|x86.Build.0 = Debug|Any CPU
		{6B788A23-D227-4BB7-9135-8BF3F2C77E01}.Release|Any CPU.ActiveCfg = Release|Any CPU
		{6B788A23-D227-4BB7-9135-8BF3F2C77E01}.Release|Any CPU.Build.0 = Release|Any CPU
		{6B788A23-D227-4BB7-9135-8BF3F2C77E01}.Release|x64.ActiveCfg = Release|Any CPU
		{6B788A23-D227-4BB7-9135-8BF3F2C77E01}.Release|x64.Build.0 = Release|Any CPU
		{6B788A23-D227-4BB7-9135-8BF3F2C77E01}.Release|x86.ActiveCfg = Release|Any CPU
		{6B788A23-D227-4BB7-9135-8BF3F2C77E01}.Release|x86.Build.0 = Release|Any CPU
	EndGlobalSection
	GlobalSection(SolutionProperties) = preSolution
		HideSolutionNode = FALSE
	EndGlobalSection
	GlobalSection(NestedProjects) = preSolution
		{66752AF5-F816-47B2-8917-3945CA3F4123} = {D256A723-2B6E-4A02-80AA-74B4704383FD}
		{136ADDAE-B7DE-4621-9B6E-63F6EBF6B4AC} = {D256A723-2B6E-4A02-80AA-74B4704383FD}
		{89D7D73C-F8DF-4DD5-8C8D-BA98CFF94B69} = {D256A723-2B6E-4A02-80AA-74B4704383FD}
		{35251D8C-D852-478D-8C9F-FEF508C5652B} = {D256A723-2B6E-4A02-80AA-74B4704383FD}
		{6B788A23-D227-4BB7-9135-8BF3F2C77E01} = {D256A723-2B6E-4A02-80AA-74B4704383FD}
	EndGlobalSection
	GlobalSection(ExtensibilityGlobals) = postSolution
		SolutionGuid = {3375B8CE-0DDE-44D1-9C7B-0A0EF79F2E7F}
	EndGlobalSection
EndGlobal
